Microsoft Visual Studio Solution File, Format Version 12.00
# Visual Studio 15
VisualStudioVersion = 15.0.26730.12
MinimumVisualStudioVersion = 15.0.26124.0
Project("{9A19103F-16F7-4668-BE54-9A1E7A4F7556}") = "console", "console\console.csproj", "{CF43BDE3-F230-4CAB-AA50-1256A124B27C}"
EndProject
Project("{9A19103F-16F7-4668-BE54-9A1E7A4F7556}") = "ecs", "src\ecs.csproj", "{04F0114B-1BE1-483B-9F70-BB5C1BE30E8B}"
EndProject
Global
	GlobalSection(SolutionConfigurationPlatforms) = preSolution
		Debug|Any CPU = Debug|Any CPU
		Debug|x64 = Debug|x64
		Debug|x86 = Debug|x86
		Release|Any CPU = Release|Any CPU
		Release|x64 = Release|x64
		Release|x86 = Release|x86
	EndGlobalSection
	GlobalSection(ProjectConfigurationPlatforms) = postSolution
		{CF43BDE3-F230-4CAB-AA50-1256A124B27C}.Debug|Any CPU.ActiveCfg = Debug|Any CPU
		{CF43BDE3-F230-4CAB-AA50-1256A124B27C}.Debug|Any CPU.Build.0 = Debug|Any CPU
		{CF43BDE3-F230-4CAB-AA50-1256A124B27C}.Debug|x64.ActiveCfg = Debug|Any CPU
		{CF43BDE3-F230-4CAB-AA50-1256A124B27C}.Debug|x64.Build.0 = Debug|Any CPU
		{CF43BDE3-F230-4CAB-AA50-1256A124B27C}.Debug|x86.ActiveCfg = Debug|Any CPU
		{CF43BDE3-F230-4CAB-AA50-1256A124B27C}.Debug|x86.Build.0 = Debug|Any CPU
		{CF43BDE3-F230-4CAB-AA50-1256A124B27C}.Release|Any CPU.ActiveCfg = Release|Any CPU
		{CF43BDE3-F230-4CAB-AA50-1256A124B27C}.Release|Any CPU.Build.0 = Release|Any CPU
		{CF43BDE3-F230-4CAB-AA50-1256A124B27C}.Release|x64.ActiveCfg = Release|Any CPU
		{CF43BDE3-F230-4CAB-AA50-1256A124B27C}.Release|x64.Build.0 = Release|Any CPU
		{CF43BDE3-F230-4CAB-AA50-1256A124B27C}.Release|x86.ActiveCfg = Release|Any CPU
		{CF43BDE3-F230-4CAB-AA50-1256A124B27C}.Release|x86.Build.0 = Release|Any CPU
		{04F0114B-1BE1-483B-9F70-BB5C1BE30E8B}.Debug|Any CPU.ActiveCfg = Debug|Any CPU
		{04F0114B-1BE1-483B-9F70-BB5C1BE30E8B}.Debug|Any CPU.Build.0 = Debug|Any CPU
		{04F0114B-1BE1-483B-9F70-BB5C1BE30E8B}.Debug|x64.ActiveCfg = Debug|Any CPU
		{04F0114B-1BE1-483B-9F70-BB5C1BE30E8B}.Debug|x64.Build.0 = Debug|Any CPU
		{04F0114B-1BE1-483B-9F70-BB5C1BE30E8B}.Debug|x86.ActiveCfg = Debug|Any CPU
		{04F0114B-1BE1-483B-9F70-BB5C1BE30E8B}.Debug|x86.Build.0 = Debug|Any CPU
		{04F0114B-1BE1-483B-9F70-BB5C1BE30E8B}.Release|Any CPU.ActiveCfg = Release|Any CPU
		{04F0114B-1BE1-483B-9F70-BB5C1BE30E8B}.Release|Any CPU.Build.0 = Release|Any CPU
		{04F0114B-1BE1-483B-9F70-BB5C1BE30E8B}.Release|x64.ActiveCfg = Release|Any CPU
		{04F0114B-1BE1-483B-9F70-BB5C1BE30E8B}.Release|x64.Build.0 = Release|Any CPU
		{04F0114B-1BE1-483B-9F70-BB5C1BE30E8B}.Release|x86.ActiveCfg = Release|Any CPU
		{04F0114B-1BE1-483B-9F70-BB5C1BE30E8B}.Release|x86.Build.0 = Release|Any CPU
	EndGlobalSection
	GlobalSection(SolutionProperties) = preSolution
		HideSolutionNode = FALSE
	EndGlobalSection
	GlobalSection(ExtensibilityGlobals) = postSolution
		SolutionGuid = {67C6CC8B-B360-4E14-B22D-1D3465DF27A0}
	EndGlobalSection
EndGlobal
